
Microsoft Visual Studio Solution File, Format Version 12.00
# Visual Studio Version 17
VisualStudioVersion = 17.5.33516.290
MinimumVisualStudioVersion = 10.0.40219.1
Project("{FAE04EC0-301F-11D3-BF4B-00C04F79EFBC}") = "Grocery.WebApp", "src\Grocery.WebApp\Grocery.WebApp.csproj", "{F9B06FA3-B285-48FD-8BFD-59E5B39778E0}"
EndProject
Project("{FAE04EC0-301F-11D3-BF4B-00C04F79EFBC}") = "Grocery.Domain", "src\Grocery.Domain\Grocery.Domain.csproj", "{CC4C8B88-D8F9-4BEE-BA0B-F82AE1FDDB99}"
EndProject
Project("{FAE04EC0-301F-11D3-BF4B-00C04F79EFBC}") = "Grocery.Data", "src\Grocery.Data\Grocery.Data.csproj", "{03015401-00A9-464C-99BF-CA9A5AB1D1B3}"
EndProject
Global
	GlobalSection(SolutionConfigurationPlatforms) = preSolution
		Debug|Any CPU = Debug|Any CPU
		Release|Any CPU = Release|Any CPU
	EndGlobalSection
	GlobalSection(ProjectConfigurationPlatforms) = postSolution
		{F9B06FA3-B285-48FD-8BFD-59E5B39778E0}.Debug|Any CPU.ActiveCfg = Debug|Any CPU
		{F9B06FA3-B285-48FD-8BFD-59E5B39778E0}.Debug|Any CPU.Build.0 = Debug|Any CPU
		{F9B06FA3-B285-48FD-8BFD-59E5B39778E0}.Release|Any CPU.ActiveCfg = Release|Any CPU
		{F9B06FA3-B285-48FD-8BFD-59E5B39778E0}.Release|Any CPU.Build.0 = Release|Any CPU
		{CC4C8B88-D8F9-4BEE-BA0B-F82AE1FDDB99}.Debug|Any CPU.ActiveCfg = Debug|Any CPU
		{CC4C8B88-D8F9-4BEE-BA0B-F82AE1FDDB99}.Debug|Any CPU.Build.0 = Debug|Any CPU
		{CC4C8B88-D8F9-4BEE-BA0B-F82AE1FDDB99}.Release|Any CPU.ActiveCfg = Release|Any CPU
		{CC4C8B88-D8F9-4BEE-BA0B-F82AE1FDDB99}.Release|Any CPU.Build.0 = Release|Any CPU
		{03015401-00A9-464C-99BF-CA9A5AB1D1B3}.Debug|Any CPU.ActiveCfg = Debug|Any CPU
		{03015401-00A9-464C-99BF-CA9A5AB1D1B3}.Debug|Any CPU.Build.0 = Debug|Any CPU
		{03015401-00A9-464C-99BF-CA9A5AB1D1B3}.Release|Any CPU.ActiveCfg = Release|Any CPU
		{03015401-00A9-464C-99BF-CA9A5AB1D1B3}.Release|Any CPU.Build.0 = Release|Any CPU
	EndGlobalSection
	GlobalSection(SolutionProperties) = preSolution
		HideSolutionNode = FALSE
	EndGlobalSection
	GlobalSection(ExtensibilityGlobals) = postSolution
		SolutionGuid = {1AB020DB-92DF-4E1E-806C-2069C99ABD61}
	EndGlobalSection
EndGlobal
